
Microsoft Visual Studio Solution File, Format Version 12.00
# Visual Studio 14
VisualStudioVersion = 14.0.23107.0
MinimumVisualStudioVersion = 10.0.40219.1
Project("{F2A71F9B-5D33-465A-A702-920D77279786}") = "Paxos", "Paxos\Paxos.fsproj", "{38E7E0E5-42CA-4876-86F8-4812F3A34E69}"
EndProject
Project("{F2A71F9B-5D33-465A-A702-920D77279786}") = "PaxosLocalTest", "PaxosLocalTest\PaxosLocalTest.fsproj", "{AF508D8E-174C-4CFE-A50D-267B1FE302A9}"
EndProject
Project("{F2A71F9B-5D33-465A-A702-920D77279786}") = "FFS", "FFS\FFS.fsproj", "{AECF24F1-3F2C-49CD-9AAB-E233BE977A76}"
EndProject
Global
	GlobalSection(SolutionConfigurationPlatforms) = preSolution
		Debug|Any CPU = Debug|Any CPU
		Release|Any CPU = Release|Any CPU
	EndGlobalSection
	GlobalSection(ProjectConfigurationPlatforms) = postSolution
		{38E7E0E5-42CA-4876-86F8-4812F3A34E69}.Debug|Any CPU.ActiveCfg = Debug|Any CPU
		{38E7E0E5-42CA-4876-86F8-4812F3A34E69}.Debug|Any CPU.Build.0 = Debug|Any CPU
		{38E7E0E5-42CA-4876-86F8-4812F3A34E69}.Release|Any CPU.ActiveCfg = Release|Any CPU
		{38E7E0E5-42CA-4876-86F8-4812F3A34E69}.Release|Any CPU.Build.0 = Release|Any CPU
		{AF508D8E-174C-4CFE-A50D-267B1FE302A9}.Debug|Any CPU.ActiveCfg = Debug|Any CPU
		{AF508D8E-174C-4CFE-A50D-267B1FE302A9}.Debug|Any CPU.Build.0 = Debug|Any CPU
		{AF508D8E-174C-4CFE-A50D-267B1FE302A9}.Release|Any CPU.ActiveCfg = Release|Any CPU
		{AF508D8E-174C-4CFE-A50D-267B1FE302A9}.Release|Any CPU.Build.0 = Release|Any CPU
		{AECF24F1-3F2C-49CD-9AAB-E233BE977A76}.Debug|Any CPU.ActiveCfg = Debug|Any CPU
		{AECF24F1-3F2C-49CD-9AAB-E233BE977A76}.Debug|Any CPU.Build.0 = Debug|Any CPU
		{AECF24F1-3F2C-49CD-9AAB-E233BE977A76}.Release|Any CPU.ActiveCfg = Release|Any CPU
		{AECF24F1-3F2C-49CD-9AAB-E233BE977A76}.Release|Any CPU.Build.0 = Release|Any CPU
	EndGlobalSection
	GlobalSection(SolutionProperties) = preSolution
		HideSolutionNode = FALSE
	EndGlobalSection
EndGlobal
